
Microsoft Visual Studio Solution File, Format Version 12.00
# Visual Studio Version 17
VisualStudioVersion = 17.9.34728.123
MinimumVisualStudioVersion = 10.0.40219.1
Project("{9A19103F-16F7-4668-BE54-9A1E7A4F7556}") = "VKR_Visik", "VKR_Visik\VKR_Visik.csproj", "{1D059FF8-92E6-49B1-BE74-3B34DA1B300B}"
EndProject
Project("{FAE04EC0-301F-11D3-BF4B-00C04F79EFBC}") = "VKRTestProject", "VKRTestProject\VKRTestProject.csproj", "{835F7C5E-95E3-4E07-9C9A-D9585EB08EE4}"
EndProject
Global
	GlobalSection(SolutionConfigurationPlatforms) = preSolution
		Debug|Any CPU = Debug|Any CPU
		Release|Any CPU = Release|Any CPU
	EndGlobalSection
	GlobalSection(ProjectConfigurationPlatforms) = postSolution
		{1D059FF8-92E6-49B1-BE74-3B34DA1B300B}.Debug|Any CPU.ActiveCfg = Debug|Any CPU
		{1D059FF8-92E6-49B1-BE74-3B34DA1B300B}.Debug|Any CPU.Build.0 = Debug|Any CPU
		{1D059FF8-92E6-49B1-BE74-3B34DA1B300B}.Release|Any CPU.ActiveCfg = Release|Any CPU
		{1D059FF8-92E6-49B1-BE74-3B34DA1B300B}.Release|Any CPU.Build.0 = Release|Any CPU
		{835F7C5E-95E3-4E07-9C9A-D9585EB08EE4}.Debug|Any CPU.ActiveCfg = Debug|Any CPU
		{835F7C5E-95E3-4E07-9C9A-D9585EB08EE4}.Debug|Any CPU.Build.0 = Debug|Any CPU
		{835F7C5E-95E3-4E07-9C9A-D9585EB08EE4}.Release|Any CPU.ActiveCfg = Release|Any CPU
		{835F7C5E-95E3-4E07-9C9A-D9585EB08EE4}.Release|Any CPU.Build.0 = Release|Any CPU
	EndGlobalSection
	GlobalSection(SolutionProperties) = preSolution
		HideSolutionNode = FALSE
	EndGlobalSection
	GlobalSection(ExtensibilityGlobals) = postSolution
		SolutionGuid = {EF75679D-F841-4F7F-A9D4-8DE6B3C4F1C3}
	EndGlobalSection
EndGlobal
